{
  "name": "node-rtsp-rtmp-server",
  "version": "0.4.0",
  "lockfileVersion": 1,
  "requires": true,
  "dependencies": {
    "sequent": {
      "version": "0.1.2",
      "resolved": "https://registry.npmjs.org/sequent/-/sequent-0.1.2.tgz",
      "integrity": "sha1-8vYbGck8u1c144IcmMFft/HOtr4="
    }
  }
}
